
Microsoft Visual Studio Solution File, Format Version 12.00
# Visual Studio Version 17
VisualStudioVersion = 17.4.33205.214
MinimumVisualStudioVersion = 10.0.40219.1
Project("{FAE04EC0-301F-11D3-BF4B-00C04F79EFBC}") = "eStoreAPI", "eStoreAPI\eStoreAPI.csproj", "{0763DDFE-C4B0-423C-8B1E-A778F55B3FBC}"
EndProject
Project("{FAE04EC0-301F-11D3-BF4B-00C04F79EFBC}") = "eStoreAPI.Database", "eStoreDatabase\eStoreAPI.Database.csproj", "{B8F2191D-72BC-4EED-9011-912813A4C7D0}"
EndProject
Project("{FAE04EC0-301F-11D3-BF4B-00C04F79EFBC}") = "eStoreAPI.Services", "eStoreServices\eStoreAPI.Services.csproj", "{2018B284-03B0-416B-A800-795E8C9A445C}"
EndProject
Project("{FAE04EC0-301F-11D3-BF4B-00C04F79EFBC}") = "eStoreAPI.Models", "eStoreModels\eStoreAPI.Models.csproj", "{A82187AA-0D9F-4F69-9CCD-D7F93CBFDAC9}"
EndProject
Project("{FAE04EC0-301F-11D3-BF4B-00C04F79EFBC}") = "eStoreAPI.Utilities", "eStoreAPIUtilities\eStoreAPI.Utilities.csproj", "{15116F93-CC1B-4E66-84DE-D26161C656FF}"
EndProject
Global
	GlobalSection(SolutionConfigurationPlatforms) = preSolution
		Debug|Any CPU = Debug|Any CPU
		Release|Any CPU = Release|Any CPU
	EndGlobalSection
	GlobalSection(ProjectConfigurationPlatforms) = postSolution
		{0763DDFE-C4B0-423C-8B1E-A778F55B3FBC}.Debug|Any CPU.ActiveCfg = Debug|Any CPU
		{0763DDFE-C4B0-423C-8B1E-A778F55B3FBC}.Debug|Any CPU.Build.0 = Debug|Any CPU
		{0763DDFE-C4B0-423C-8B1E-A778F55B3FBC}.Release|Any CPU.ActiveCfg = Release|Any CPU
		{0763DDFE-C4B0-423C-8B1E-A778F55B3FBC}.Release|Any CPU.Build.0 = Release|Any CPU
		{B8F2191D-72BC-4EED-9011-912813A4C7D0}.Debug|Any CPU.ActiveCfg = Debug|Any CPU
		{B8F2191D-72BC-4EED-9011-912813A4C7D0}.Debug|Any CPU.Build.0 = Debug|Any CPU
		{B8F2191D-72BC-4EED-9011-912813A4C7D0}.Release|Any CPU.ActiveCfg = Release|Any CPU
		{B8F2191D-72BC-4EED-9011-912813A4C7D0}.Release|Any CPU.Build.0 = Release|Any CPU
		{2018B284-03B0-416B-A800-795E8C9A445C}.Debug|Any CPU.ActiveCfg = Debug|Any CPU
		{2018B284-03B0-416B-A800-795E8C9A445C}.Debug|Any CPU.Build.0 = Debug|Any CPU
		{2018B284-03B0-416B-A800-795E8C9A445C}.Release|Any CPU.ActiveCfg = Release|Any CPU
		{2018B284-03B0-416B-A800-795E8C9A445C}.Release|Any CPU.Build.0 = Release|Any CPU
		{A82187AA-0D9F-4F69-9CCD-D7F93CBFDAC9}.Debug|Any CPU.ActiveCfg = Debug|Any CPU
		{A82187AA-0D9F-4F69-9CCD-D7F93CBFDAC9}.Debug|Any CPU.Build.0 = Debug|Any CPU
		{A82187AA-0D9F-4F69-9CCD-D7F93CBFDAC9}.Release|Any CPU.ActiveCfg = Release|Any CPU
		{A82187AA-0D9F-4F69-9CCD-D7F93CBFDAC9}.Release|Any CPU.Build.0 = Release|Any CPU
		{15116F93-CC1B-4E66-84DE-D26161C656FF}.Debug|Any CPU.ActiveCfg = Debug|Any CPU
		{15116F93-CC1B-4E66-84DE-D26161C656FF}.Debug|Any CPU.Build.0 = Debug|Any CPU
		{15116F93-CC1B-4E66-84DE-D26161C656FF}.Release|Any CPU.ActiveCfg = Release|Any CPU
		{15116F93-CC1B-4E66-84DE-D26161C656FF}.Release|Any CPU.Build.0 = Release|Any CPU
	EndGlobalSection
	GlobalSection(SolutionProperties) = preSolution
		HideSolutionNode = FALSE
	EndGlobalSection
	GlobalSection(ExtensibilityGlobals) = postSolution
		SolutionGuid = {CAE8BD95-6B61-425A-98A0-548195194633}
	EndGlobalSection
EndGlobal
